// !$*UTF8*$!
{
	archiveVersion = 1;
	classes = {
	};
	objectVersion = 46;
	objects = {

/* Begin PBXBuildFile section */
		34E364A51BD98558001BCEB2 /* AppDelegate.swift in Sources */ = {isa = PBXBuildFile; fileRef = 34E364A41BD98558001BCEB2 /* AppDelegate.swift */; };
		34E364A71BD98558001BCEB2 /* ViewController.swift in Sources */ = {isa = PBXBuildFile; fileRef = 34E364A61BD98558001BCEB2 /* ViewController.swift */; };
		34E364AA1BD98558001BCEB2 /* Main.storyboard in Resources */ = {isa = PBXBuildFile; fileRef = 34E364A81BD98558001BCEB2 /* Main.storyboard */; };
		34E364AC1BD98558001BCEB2 /* Assets.xcassets in Resources */ = {isa = PBXBuildFile; fileRef = 34E364AB1BD98558001BCEB2 /* Assets.xcassets */; };
		34E364AF1BD98558001BCEB2 /* LaunchScreen.storyboard in Resources */ = {isa = PBXBuildFile; fileRef = 34E364AD1BD98558001BCEB2 /* LaunchScreen.storyboard */; };
		34E364BA1BD98558001BCEB2 /* TreecycleTests.swift in Sources */ = {isa = PBXBuildFile; fileRef = 34E364B91BD98558001BCEB2 /* TreecycleTests.swift */; };
		34E364C51BD98558001BCEB2 /* TreecycleUITests.swift in Sources */ = {isa = PBXBuildFile; fileRef = 34E364C41BD98558001BCEB2 /* TreecycleUITests.swift */; };
/* End PBXBuildFile section */

/* Begin PBXContainerItemProxy section */
		34E364B61BD98558001BCEB2 /* PBXContainerItemProxy */ = {
			isa = PBXContainerItemProxy;
			containerPortal = 34E364991BD98558001BCEB2 /* Project object */;
			proxyType = 1;
			remoteGlobalIDString = 34E364A01BD98558001BCEB2;
			remoteInfo = Treecycle;
		};
		34E364C11BD98558001BCEB2 /* PBXContainerItemProxy */ = {
			isa = PBXContainerItemProxy;
			containerPortal = 34E364991BD98558001BCEB2 /* Project object */;
			proxyType = 1;
			remoteGlobalIDString = 34E364A01BD98558001BCEB2;
			remoteInfo = Treecycle;
		};
/* End PBXContainerItemProxy section */

/* Begin PBXFileReference section */
		34E364A11BD98558001BCEB2 /* Treecycle.app */ = {isa = PBXFileReference; explicitFileType = wrapper.application; includeInIndex = 0; path = Treecycle.app; sourceTree = BUILT_PRODUCTS_DIR; };
		34E364A41BD98558001BCEB2 /* AppDelegate.swift */ = {isa = PBXFileReference; lastKnownFileType = sourcecode.swift; path = AppDelegate.swift; sourceTree = "<group>"; };
		34E364A61BD98558001BCEB2 /* ViewController.swift */ = {isa = PBXFileReference; lastKnownFileType = sourcecode.swift; path = ViewController.swift; sourceTree = "<group>"; };
		34E364A91BD98558001BCEB2 /* Base */ = {isa = PBXFileReference; lastKnownFileType = file.storyboard; name = Base; path = Base.lproj/Main.storyboard; sourceTree = "<group>"; };
		34E364AB1BD98558001BCEB2 /* Assets.xcassets */ = {isa = PBXFileReference; lastKnownFileType = folder.assetcatalog; path = Assets.xcassets; sourceTree = "<group>"; };
		34E364AE1BD98558001BCEB2 /* Base */ = {isa = PBXFileReference; lastKnownFileType = file.storyboard; name = Base; path = Base.lproj/LaunchScreen.storyboard; sourceTree = "<group>"; };
		34E364B01BD98558001BCEB2 /* Info.plist */ = {isa = PBXFileReference; lastKnownFileType = text.plist.xml; path = Info.plist; sourceTree = "<group>"; };
		34E364B51BD98558001BCEB2 /* TreecycleTests.xctest */ = {isa = PBXFileReference; explicitFileType = wrapper.cfbundle; includeInIndex = 0; path = TreecycleTests.xctest; sourceTree = BUILT_PRODUCTS_DIR; };
		34E364B91BD98558001BCEB2 /* TreecycleTests.swift */ = {isa = PBXFileReference; lastKnownFileType = sourcecode.swift; path = TreecycleTests.swift; sourceTree = "<group>"; };
		34E364BB1BD98558001BCEB2 /* Info.plist */ = {isa = PBXFileReference; lastKnownFileType = text.plist.xml; path = Info.plist; sourceTree = "<group>"; };
		34E364C01BD98558001BCEB2 /* TreecycleUITests.xctest */ = {isa = PBXFileReference; explicitFileType = wrapper.cfbundle; includeInIndex = 0; path = TreecycleUITests.xctest; sourceTree = BUILT_PRODUCTS_DIR; };
		34E364C41BD98558001BCEB2 /* TreecycleUITests.swift */ = {isa = PBXFileReference; lastKnownFileType = sourcecode.swift; path = TreecycleUITests.swift; sourceTree = "<group>"; };
		34E364C61BD98558001BCEB2 /* Info.plist */ = {isa = PBXFileReference; lastKnownFileType = text.plist.xml; path = Info.plist; sourceTree = "<group>"; };
/* End PBXFileReference section */

/* Begin PBXFrameworksBuildPhase section */
		34E3649E1BD98558001BCEB2 /* Frameworks */ = {
			isa = PBXFrameworksBuildPhase;
			buildActionMask = 2147483647;
			files = (
			);
			runOnlyForDeploymentPostprocessing = 0;
		};
		34E364B21BD98558001BCEB2 /* Frameworks */ = {
			isa = PBXFrameworksBuildPhase;
			buildActionMask = 2147483647;
			files = (
			);
			runOnlyForDeploymentPostprocessing = 0;
		};
		34E364BD1BD98558001BCEB2 /* Frameworks */ = {
			isa = PBXFrameworksBuildPhase;
			buildActionMask = 2147483647;
			files = (
			);
			runOnlyForDeploymentPostprocessing = 0;
		};
/* End PBXFrameworksBuildPhase section */

/* Begin PBXGroup section */
		34E364981BD98558001BCEB2 = {
			isa = PBXGroup;
			children = (
				34E364A31BD98558001BCEB2 /* Treecycle */,
				34E364B81BD98558001BCEB2 /* TreecycleTests */,
				34E364C31BD98558001BCEB2 /* TreecycleUITests */,
				34E364A21BD98558001BCEB2 /* Products */,
			);
			sourceTree = "<group>";
		};
		34E364A21BD98558001BCEB2 /* Products */ = {
			isa = PBXGroup;
			children = (
				34E364A11BD98558001BCEB2 /* Treecycle.app */,
				34E364B51BD98558001BCEB2 /* TreecycleTests.xctest */,
				34E364C01BD98558001BCEB2 /* TreecycleUITests.xctest */,
			);
			name = Products;
			sourceTree = "<group>";
		};
		34E364A31BD98558001BCEB2 /* Treecycle */ = {
			isa = PBXGroup;
			children = (
				34E364A41BD98558001BCEB2 /* AppDelegate.swift */,
				34E364A61BD98558001BCEB2 /* ViewController.swift */,
				34E364A81BD98558001BCEB2 /* Main.storyboard */,
				34E364AB1BD98558001BCEB2 /* Assets.xcassets */,
				34E364AD1BD98558001BCEB2 /* LaunchScreen.storyboard */,
				34E364B01BD98558001BCEB2 /* Info.plist */,
			);
			path = Treecycle;
			sourceTree = "<group>";
		};
		34E364B81BD98558001BCEB2 /* TreecycleTests */ = {
			isa = PBXGroup;
			children = (
				34E364B91BD98558001BCEB2 /* TreecycleTests.swift */,
				34E364BB1BD98558001BCEB2 /* Info.plist */,
			);
			path = TreecycleTests;
			sourceTree = "<group>";
		};
		34E364C31BD98558001BCEB2 /* TreecycleUITests */ = {
			isa = PBXGroup;
			children = (
				34E364C41BD98558001BCEB2 /* TreecycleUITests.swift */,
				34E364C61BD98558001BCEB2 /* Info.plist */,
			);
			path = TreecycleUITests;
			sourceTree = "<group>";
		};
/* End PBXGroup section */

/* Begin PBXNativeTarget section */
		34E364A01BD98558001BCEB2 /* Treecycle */ = {
			isa = PBXNativeTarget;
			buildConfigurationList = 34E364C91BD98558001BCEB2 /* Build configuration list for PBXNativeTarget "Treecycle" */;
			buildPhases = (
				34E3649D1BD98558001BCEB2 /* Sources */,
				34E3649E1BD98558001BCEB2 /* Frameworks */,
				34E3649F1BD98558001BCEB2 /* Resources */,
			);
			buildRules = (
			);
			dependencies = (
			);
			name = Treecycle;
			productName = Treecycle;
			productReference = 34E364A11BD98558001BCEB2 /* Treecycle.app */;
			productType = "com.apple.product-type.application";
		};
		34E364B41BD98558001BCEB2 /* TreecycleTests */ = {
			isa = PBXNativeTarget;
			buildConfigurationList = 34E364CC1BD98558001BCEB2 /* Build configuration list for PBXNativeTarget "TreecycleTests" */;
			buildPhases = (
				34E364B11BD98558001BCEB2 /* Sources */,
				34E364B21BD98558001BCEB2 /* Frameworks */,
				34E364B31BD98558001BCEB2 /* Resources */,
			);
			buildRules = (
			);
			dependencies = (
				34E364B71BD98558001BCEB2 /* PBXTargetDependency */,
			);
			name = TreecycleTests;
			productName = TreecycleTests;
			productReference = 34E364B51BD98558001BCEB2 /* TreecycleTests.xctest */;
			productType = "com.apple.product-type.bundle.unit-test";
		};
		34E364BF1BD98558001BCEB2 /* TreecycleUITests */ = {
			isa = PBXNativeTarget;
			buildConfigurationList = 34E364CF1BD98558001BCEB2 /* Build configuration list for PBXNativeTarget "TreecycleUITests" */;
			buildPhases = (
				34E364BC1BD98558001BCEB2 /* Sources */,
				34E364BD1BD98558001BCEB2 /* Frameworks */,
				34E364BE1BD98558001BCEB2 /* Resources */,
			);
			buildRules = (
			);
			dependencies = (
				34E364C21BD98558001BCEB2 /* PBXTargetDependency */,
			);
			name = TreecycleUITests;
			productName = TreecycleUITests;
			productReference = 34E364C01BD98558001BCEB2 /* TreecycleUITests.xctest */;
			productType = "com.apple.product-type.bundle.ui-testing";
		};
/* End PBXNativeTarget section */

/* Begin PBXProject section */
		34E364991BD98558001BCEB2 /* Project object */ = {
			isa = PBXProject;
			attributes = {
				LastUpgradeCheck = 0700;
				ORGANIZATIONNAME = "Shane Rogers";
				TargetAttributes = {
					34E364A01BD98558001BCEB2 = {
						CreatedOnToolsVersion = 7.0.1;
					};
					34E364B41BD98558001BCEB2 = {
						CreatedOnToolsVersion = 7.0.1;
						TestTargetID = 34E364A01BD98558001BCEB2;
					};
					34E364BF1BD98558001BCEB2 = {
						CreatedOnToolsVersion = 7.0.1;
						TestTargetID = 34E364A01BD98558001BCEB2;
					};
				};
			};
			buildConfigurationList = 34E3649C1BD98558001BCEB2 /* Build configuration list for PBXProject "Treecycle" */;
			compatibilityVersion = "Xcode 3.2";
			developmentRegion = English;
			hasScannedForEncodings = 0;
			knownRegions = (
				en,
				Base,
			);
			mainGroup = 34E364981BD98558001BCEB2;
			productRefGroup = 34E364A21BD98558001BCEB2 /* Products */;
			projectDirPath = "";
			projectRoot = "";
			targets = (
				34E364A01BD98558001BCEB2 /* Treecycle */,
				34E364B41BD98558001BCEB2 /* TreecycleTests */,
				34E364BF1BD98558001BCEB2 /* TreecycleUITests */,
			);
		};
/* End PBXProject section */

/* Begin PBXResourcesBuildPhase section */
		34E3649F1BD98558001BCEB2 /* Resources */ = {
			isa = PBXResourcesBuildPhase;
			buildActionMask = 2147483647;
			files = (
				34E364AF1BD98558001BCEB2 /* LaunchScreen.storyboard in Resources */,
				34E364AC1BD98558001BCEB2 /* Assets.xcassets in Resources */,
				34E364AA1BD98558001BCEB2 /* Main.storyboard in Resources */,
			);
			runOnlyForDeploymentPostprocessing = 0;
		};
		34E364B31BD98558001BCEB2 /* Resources */ = {
			isa = PBXResourcesBuildPhase;
			buildActionMask = 2147483647;
			files = (
			);
			runOnlyForDeploymentPostprocessing = 0;
		};
		34E364BE1BD98558001BCEB2 /* Resources */ = {
			isa = PBXResourcesBuildPhase;
			buildActionMask = 2147483647;
			files = (
			);
			runOnlyForDeploymentPostprocessing = 0;
		};
/* End PBXResourcesBuildPhase section */

/* Begin PBXSourcesBuildPhase section */
		34E3649D1BD98558001BCEB2 /* Sources */ = {
			isa = PBXSourcesBuildPhase;
			buildActionMask = 2147483647;
			files = (
				34E364A71BD98558001BCEB2 /* ViewController.swift in Sources */,
				34E364A51BD98558001BCEB2 /* AppDelegate.swift in Sources */,
			);
			runOnlyForDeploymentPostprocessing = 0;
		};
		34E364B11BD98558001BCEB2 /* Sources */ = {
			isa = PBXSourcesBuildPhase;
			buildActionMask = 2147483647;
			files = (
				34E364BA1BD98558001BCEB2 /* TreecycleTests.swift in Sources */,
			);
			runOnlyForDeploymentPostprocessing = 0;
		};
		34E364BC1BD98558001BCEB2 /* Sources */ = {
			isa = PBXSourcesBuildPhase;
			buildActionMask = 2147483647;
			files = (
				34E364C51BD98558001BCEB2 /* TreecycleUITests.swift in Sources */,
			);
			runOnlyForDeploymentPostprocessing = 0;
		};
/* End PBXSourcesBuildPhase section */

/* Begin PBXTargetDependency section */
		34E364B71BD98558001BCEB2 /* PBXTargetDependency */ = {
			isa = PBXTargetDependency;
			target = 34E364A01BD98558001BCEB2 /* Treecycle */;
			targetProxy = 34E364B61BD98558001BCEB2 /* PBXContainerItemProxy */;
		};
		34E364C21BD98558001BCEB2 /* PBXTargetDependency */ = {
			isa = PBXTargetDependency;
			target = 34E364A01BD98558001BCEB2 /* Treecycle */;
			targetProxy = 34E364C11BD98558001BCEB2 /* PBXContainerItemProxy */;
		};
/* End PBXTargetDependency section */

/* Begin PBXVariantGroup section */
		34E364A81BD98558001BCEB2 /* Main.storyboard */ = {
			isa = PBXVariantGroup;
			children = (
				34E364A91BD98558001BCEB2 /* Base */,
			);
			name = Main.storyboard;
			sourceTree = "<group>";
		};
		34E364AD1BD98558001BCEB2 /* LaunchScreen.storyboard */ = {
			isa = PBXVariantGroup;
			children = (
				34E364AE1BD98558001BCEB2 /* Base */,
			);
			name = LaunchScreen.storyboard;
			sourceTree = "<group>";
		};
/* End PBXVariantGroup section */

/* Begin XCBuildConfiguration section */
		34E364C71BD98558001BCEB2 /* Debug */ = {
			isa = XCBuildConfiguration;
			buildSettings = {
				ALWAYS_SEARCH_USER_PATHS = NO;
				CLANG_CXX_LANGUAGE_STANDARD = "gnu++0x";
				CLANG_CXX_LIBRARY = "libc++";
				CLANG_ENABLE_MODULES = YES;
				CLANG_ENABLE_OBJC_ARC = YES;
				CLANG_WARN_BOOL_CONVERSION = YES;
				CLANG_WARN_CONSTANT_CONVERSION = YES;
				CLANG_WARN_DIRECT_OBJC_ISA_USAGE = YES_ERROR;
				CLANG_WARN_EMPTY_BODY = YES;
				CLANG_WARN_ENUM_CONVERSION = YES;
				CLANG_WARN_INT_CONVERSION = YES;
				CLANG_WARN_OBJC_ROOT_CLASS = YES_ERROR;
				CLANG_WARN_UNREACHABLE_CODE = YES;
				CLANG_WARN__DUPLICATE_METHOD_MATCH = YES;
				"CODE_SIGN_IDENTITY[sdk=iphoneos*]" = "iPhone Developer";
				COPY_PHASE_STRIP = NO;
				DEBUG_INFORMATION_FORMAT = dwarf;
				ENABLE_STRICT_OBJC_MSGSEND = YES;
				ENABLE_TESTABILITY = YES;
				GCC_C_LANGUAGE_STANDARD = gnu99;
				GCC_DYNAMIC_NO_PIC = NO;
				GCC_NO_COMMON_BLOCKS = YES;
				GCC_OPTIMIZATION_LEVEL = 0;
				GCC_PREPROCESSOR_DEFINITIONS = (
					"DEBUG=1",
					"$(inherited)",
				);
				GCC_WARN_64_TO_32_BIT_CONVERSION = YES;
				GCC_WARN_ABOUT_RETURN_TYPE = YES_ERROR;
				GCC_WARN_UNDECLARED_SELECTOR = YES;
				GCC_WARN_UNINITIALIZED_AUTOS = YES_AGGRESSIVE;
				GCC_WARN_UNUSED_FUNCTION = YES;
				GCC_WARN_UNUSED_VARIABLE = YES;
				IPHONEOS_DEPLOYMENT_TARGET = 9.0;
				MTL_ENABLE_DEBUG_INFO = YES;
				ONLY_ACTIVE_ARCH = YES;
				SDKROOT = iphoneos;
				SWIFT_OPTIMIZATION_LEVEL = "-Onone";
			};
			name = Debug;
		};
		34E364C81BD98558001BCEB2 /* Release */ = {
			isa = XCBuildConfiguration;
			buildSettings = {
				ALWAYS_SEARCH_USER_PATHS = NO;
				CLANG_CXX_LANGUAGE_STANDARD = "gnu++0x";
				CLANG_CXX_LIBRARY = "libc++";
				CLANG_ENABLE_MODULES = YES;
				CLANG_ENABLE_OBJC_ARC = YES;
				CLANG_WARN_BOOL_CONVERSION = YES;
				CLANG_WARN_CONSTANT_CONVERSION = YES;
				CLANG_WARN_DIRECT_OBJC_ISA_USAGE = YES_ERROR;
				CLANG_WARN_EMPTY_BODY = YES;
				CLANG_WARN_ENUM_CONVERSION = YES;
				CLANG_WARN_INT_CONVERSION = YES;
				CLANG_WARN_OBJC_ROOT_CLASS = YES_ERROR;
				CLANG_WARN_UNREACHABLE_CODE = YES;
				CLANG_WARN__DUPLICATE_METHOD_MATCH = YES;
				"CODE_SIGN_IDENTITY[sdk=iphoneos*]" = "iPhone Developer";
				COPY_PHASE_STRIP = NO;
				DEBUG_INFORMATION_FORMAT = "dwarf-with-dsym";
				ENABLE_NS_ASSERTIONS = NO;
				ENABLE_STRICT_OBJC_MSGSEND = YES;
				GCC_C_LANGUAGE_STANDARD = gnu99;
				GCC_NO_COMMON_BLOCKS = YES;
				GCC_WARN_64_TO_32_BIT_CONVERSION = YES;
				GCC_WARN_ABOUT_RETURN_TYPE = YES_ERROR;
				GCC_WARN_UNDECLARED_SELECTOR = YES;
				GCC_WARN_UNINITIALIZED_AUTOS = YES_AGGRESSIVE;
				GCC_WARN_UNUSED_FUNCTION = YES;
				GCC_WARN_UNUSED_VARIABLE = YES;
				IPHONEOS_DEPLOYMENT_TARGET = 9.0;
				MTL_ENABLE_DEBUG_INFO = NO;
				SDKROOT = iphoneos;
				VALIDATE_PRODUCT = YES;
			};
			name = Release;
		};
		34E364CA1BD98558001BCEB2 /* Debug */ = {
			isa = XCBuildConfiguration;
			buildSettings = {
				ASSETCATALOG_COMPILER_APPICON_NAME = AppIcon;
				INFOPLIST_FILE = Treecycle/Info.plist;
				LD_RUNPATH_SEARCH_PATHS = "$(inherited) @executable_path/Frameworks";
				PRODUCT_BUNDLE_IDENTIFIER = REPL.Treecycle;
				PRODUCT_NAME = "$(TARGET_NAME)";
			};
			name = Debug;
		};
		34E364CB1BD98558001BCEB2 /* Release */ = {
			isa = XCBuildConfiguration;
			buildSettings = {
				ASSETCATALOG_COMPILER_APPICON_NAME = AppIcon;
				INFOPLIST_FILE = Treecycle/Info.plist;
				LD_RUNPATH_SEARCH_PATHS = "$(inherited) @executable_path/Frameworks";
				PRODUCT_BUNDLE_IDENTIFIER = REPL.Treecycle;
				PRODUCT_NAME = "$(TARGET_NAME)";
			};
			name = Release;
		};
		34E364CD1BD98558001BCEB2 /* Debug */ = {
			isa = XCBuildConfiguration;
			buildSettings = {
				BUNDLE_LOADER = "$(TEST_HOST)";
				INFOPLIST_FILE = TreecycleTests/Info.plist;
				LD_RUNPATH_SEARCH_PATHS = "$(inherited) @executable_path/Frameworks @loader_path/Frameworks";
				PRODUCT_BUNDLE_IDENTIFIER = REPL.TreecycleTests;
				PRODUCT_NAME = "$(TARGET_NAME)";
				TEST_HOST = "$(BUILT_PRODUCTS_DIR)/Treecycle.app/Treecycle";
			};
			name = Debug;
		};
		34E364CE1BD98558001BCEB2 /* Release */ = {
			isa = XCBuildConfiguration;
			buildSettings = {
				BUNDLE_LOADER = "$(TEST_HOST)";
				INFOPLIST_FILE = TreecycleTests/Info.plist;
				LD_RUNPATH_SEARCH_PATHS = "$(inherited) @executable_path/Frameworks @loader_path/Frameworks";
				PRODUCT_BUNDLE_IDENTIFIER = REPL.TreecycleTests;
				PRODUCT_NAME = "$(TARGET_NAME)";
				TEST_HOST = "$(BUILT_PRODUCTS_DIR)/Treecycle.app/Treecycle";
			};
			name = Release;
		};
		34E364D01BD98558001BCEB2 /* Debug */ = {
			isa = XCBuildConfiguration;
			buildSettings = {
				INFOPLIST_FILE = TreecycleUITests/Info.plist;
				LD_RUNPATH_SEARCH_PATHS = "$(inherited) @executable_path/Frameworks @loader_path/Frameworks";
				PRODUCT_BUNDLE_IDENTIFIER = REPL.TreecycleUITests;
				PRODUCT_NAME = "$(TARGET_NAME)";
				TEST_TARGET_NAME = Treecycle;
				USES_XCTRUNNER = YES;
			};
			name = Debug;
		};
		34E364D11BD98558001BCEB2 /* Release */ = {
			isa = XCBuildConfiguration;
			buildSettings = {
				INFOPLIST_FILE = TreecycleUITests/Info.plist;
				LD_RUNPATH_SEARCH_PATHS = "$(inherited) @executable_path/Frameworks @loader_path/Frameworks";
				PRODUCT_BUNDLE_IDENTIFIER = REPL.TreecycleUITests;
				PRODUCT_NAME = "$(TARGET_NAME)";
				TEST_TARGET_NAME = Treecycle;
				USES_XCTRUNNER = YES;
			};
			name = Release;
		};
/* End XCBuildConfiguration section */

/* Begin XCConfigurationList section */
		34E3649C1BD98558001BCEB2 /* Build configuration list for PBXProject "Treecycle" */ = {
			isa = XCConfigurationList;
			buildConfigurations = (
				34E364C71BD98558001BCEB2 /* Debug */,
				34E364C81BD98558001BCEB2 /* Release */,
			);
			defaultConfigurationIsVisible = 0;
			defaultConfigurationName = Release;
		};
		34E364C91BD98558001BCEB2 /* Build configuration list for PBXNativeTarget "Treecycle" */ = {
			isa = XCConfigurationList;
			buildConfigurations = (
				34E364CA1BD98558001BCEB2 /* Debug */,
				34E364CB1BD98558001BCEB2 /* Release */,
			);
			defaultConfigurationIsVisible = 0;
		};
		34E364CC1BD98558001BCEB2 /* Build configuration list for PBXNativeTarget "TreecycleTests" */ = {
			isa = XCConfigurationList;
			buildConfigurations = (
				34E364CD1BD98558001BCEB2 /* Debug */,
				34E364CE1BD98558001BCEB2 /* Release */,
			);
			defaultConfigurationIsVisible = 0;
		};
		34E364CF1BD98558001BCEB2 /* Build configuration list for PBXNativeTarget "TreecycleUITests" */ = {
			isa = XCConfigurationList;
			buildConfigurations = (
				34E364D01BD98558001BCEB2 /* Debug */,
				34E364D11BD98558001BCEB2 /* Release */,
			);
			defaultConfigurationIsVisible = 0;
		};
/* End XCConfigurationList section */
	};
	rootObject = 34E364991BD98558001BCEB2 /* Project object */;
}
